
Microsoft Visual Studio Solution File, Format Version 12.00
# Visual Studio Version 16
VisualStudioVersion = 16.0.30225.117
MinimumVisualStudioVersion = 10.0.40219.1
Project("{2150E333-8FDC-42A3-9474-1A3956D46DE8}") = "01 Utilities", "01 Utilities", "{C81E29F5-9665-45FE-B58F-B5799A624A1C}"
EndProject
Project("{9A19103F-16F7-4668-BE54-9A1E7A4F7556}") = "CodeNames.Utilities", "CodeNames.Utilities\CodeNames.Utilities.csproj", "{31F34814-DC4F-44B0-9918-0A7379A786D9}"
EndProject
Project("{9A19103F-16F7-4668-BE54-9A1E7A4F7556}") = "CodeNames.Utilities.Tests", "CodeNames.Utilities.Tests\CodeNames.Utilities.Tests.csproj", "{D56F8CA4-6B2A-4CBD-9069-D95074BB66DD}"
EndProject
Global
	GlobalSection(SolutionConfigurationPlatforms) = preSolution
		Debug|Any CPU = Debug|Any CPU
		Debug|x64 = Debug|x64
		Release|Any CPU = Release|Any CPU
		Release|x64 = Release|x64
	EndGlobalSection
	GlobalSection(ProjectConfigurationPlatforms) = postSolution
		{31F34814-DC4F-44B0-9918-0A7379A786D9}.Debug|Any CPU.ActiveCfg = Debug|Any CPU
		{31F34814-DC4F-44B0-9918-0A7379A786D9}.Debug|Any CPU.Build.0 = Debug|Any CPU
		{31F34814-DC4F-44B0-9918-0A7379A786D9}.Debug|x64.ActiveCfg = Debug|Any CPU
		{31F34814-DC4F-44B0-9918-0A7379A786D9}.Debug|x64.Build.0 = Debug|Any CPU
		{31F34814-DC4F-44B0-9918-0A7379A786D9}.Release|Any CPU.ActiveCfg = Release|Any CPU
		{31F34814-DC4F-44B0-9918-0A7379A786D9}.Release|Any CPU.Build.0 = Release|Any CPU
		{31F34814-DC4F-44B0-9918-0A7379A786D9}.Release|x64.ActiveCfg = Release|Any CPU
		{31F34814-DC4F-44B0-9918-0A7379A786D9}.Release|x64.Build.0 = Release|Any CPU
		{D56F8CA4-6B2A-4CBD-9069-D95074BB66DD}.Debug|Any CPU.ActiveCfg = Debug|Any CPU
		{D56F8CA4-6B2A-4CBD-9069-D95074BB66DD}.Debug|Any CPU.Build.0 = Debug|Any CPU
		{D56F8CA4-6B2A-4CBD-9069-D95074BB66DD}.Debug|x64.ActiveCfg = Debug|x64
		{D56F8CA4-6B2A-4CBD-9069-D95074BB66DD}.Debug|x64.Build.0 = Debug|x64
		{D56F8CA4-6B2A-4CBD-9069-D95074BB66DD}.Release|Any CPU.ActiveCfg = Release|Any CPU
		{D56F8CA4-6B2A-4CBD-9069-D95074BB66DD}.Release|Any CPU.Build.0 = Release|Any CPU
		{D56F8CA4-6B2A-4CBD-9069-D95074BB66DD}.Release|x64.ActiveCfg = Release|x64
		{D56F8CA4-6B2A-4CBD-9069-D95074BB66DD}.Release|x64.Build.0 = Release|x64
	EndGlobalSection
	GlobalSection(SolutionProperties) = preSolution
		HideSolutionNode = FALSE
	EndGlobalSection
	GlobalSection(NestedProjects) = preSolution
		{31F34814-DC4F-44B0-9918-0A7379A786D9} = {C81E29F5-9665-45FE-B58F-B5799A624A1C}
		{D56F8CA4-6B2A-4CBD-9069-D95074BB66DD} = {C81E29F5-9665-45FE-B58F-B5799A624A1C}
	EndGlobalSection
	GlobalSection(ExtensibilityGlobals) = postSolution
		SolutionGuid = {B406CE47-FB43-48AB-AB1E-E46AC4E8E71C}
	EndGlobalSection
EndGlobal
